// !$*UTF8*$!
{
	archiveVersion = 1;
	classes = {
	};
	objectVersion = 56;
	objects = {

/* Begin PBXBuildFile section */
		CA0ECE482C568FA600D798F5 /* DetailView.swift in Sources */ = {isa = PBXBuildFile; fileRef = CA0ECE472C568FA600D798F5 /* DetailView.swift */; };
		CAAA9F072C54395300089320 /* learnSwiftUIApp.swift in Sources */ = {isa = PBXBuildFile; fileRef = CAAA9F062C54395300089320 /* learnSwiftUIApp.swift */; };
		CAAA9F092C54395300089320 /* ContentView.swift in Sources */ = {isa = PBXBuildFile; fileRef = CAAA9F082C54395300089320 /* ContentView.swift */; };
		CAAA9F0B2C54395800089320 /* Assets.xcassets in Resources */ = {isa = PBXBuildFile; fileRef = CAAA9F0A2C54395800089320 /* Assets.xcassets */; };
		CAAA9F0E2C54395800089320 /* Preview Assets.xcassets in Resources */ = {isa = PBXBuildFile; fileRef = CAAA9F0D2C54395800089320 /* Preview Assets.xcassets */; };
		CAAA9F182C54395900089320 /* learnSwiftUITests.swift in Sources */ = {isa = PBXBuildFile; fileRef = CAAA9F172C54395900089320 /* learnSwiftUITests.swift */; };
		CAAA9F222C54395900089320 /* learnSwiftUIUITests.swift in Sources */ = {isa = PBXBuildFile; fileRef = CAAA9F212C54395900089320 /* learnSwiftUIUITests.swift */; };
		CAAA9F242C54395900089320 /* learnSwiftUIUITestsLaunchTests.swift in Sources */ = {isa = PBXBuildFile; fileRef = CAAA9F232C54395900089320 /* learnSwiftUIUITestsLaunchTests.swift */; };
/* End PBXBuildFile section */

/* Begin PBXContainerItemProxy section */
		CAAA9F142C54395900089320 /* PBXContainerItemProxy */ = {
			isa = PBXContainerItemProxy;
			containerPortal = CAAA9EFB2C54395300089320 /* Project object */;
			proxyType = 1;
			remoteGlobalIDString = CAAA9F022C54395300089320;
			remoteInfo = learnSwiftUI;
		};
		CAAA9F1E2C54395900089320 /* PBXContainerItemProxy */ = {
			isa = PBXContainerItemProxy;
			containerPortal = CAAA9EFB2C54395300089320 /* Project object */;
			proxyType = 1;
			remoteGlobalIDString = CAAA9F022C54395300089320;
			remoteInfo = learnSwiftUI;
		};
/* End PBXContainerItemProxy section */

/* Begin PBXFileReference section */
		CA0ECE472C568FA600D798F5 /* DetailView.swift */ = {isa = PBXFileReference; lastKnownFileType = sourcecode.swift; path = DetailView.swift; sourceTree = "<group>"; };
		CAAA9F032C54395300089320 /* learnSwiftUI.app */ = {isa = PBXFileReference; explicitFileType = wrapper.application; includeInIndex = 0; path = learnSwiftUI.app; sourceTree = BUILT_PRODUCTS_DIR; };
		CAAA9F062C54395300089320 /* learnSwiftUIApp.swift */ = {isa = PBXFileReference; lastKnownFileType = sourcecode.swift; path = learnSwiftUIApp.swift; sourceTree = "<group>"; };
		CAAA9F082C54395300089320 /* ContentView.swift */ = {isa = PBXFileReference; lastKnownFileType = sourcecode.swift; path = ContentView.swift; sourceTree = "<group>"; };
		CAAA9F0A2C54395800089320 /* Assets.xcassets */ = {isa = PBXFileReference; lastKnownFileType = folder.assetcatalog; path = Assets.xcassets; sourceTree = "<group>"; };
		CAAA9F0D2C54395800089320 /* Preview Assets.xcassets */ = {isa = PBXFileReference; lastKnownFileType = folder.assetcatalog; path = "Preview Assets.xcassets"; sourceTree = "<group>"; };
		CAAA9F132C54395900089320 /* learnSwiftUITests.xctest */ = {isa = PBXFileReference; explicitFileType = wrapper.cfbundle; includeInIndex = 0; path = learnSwiftUITests.xctest; sourceTree = BUILT_PRODUCTS_DIR; };
		CAAA9F172C54395900089320 /* learnSwiftUITests.swift */ = {isa = PBXFileReference; lastKnownFileType = sourcecode.swift; path = learnSwiftUITests.swift; sourceTree = "<group>"; };
		CAAA9F1D2C54395900089320 /* learnSwiftUIUITests.xctest */ = {isa = PBXFileReference; explicitFileType = wrapper.cfbundle; includeInIndex = 0; path = learnSwiftUIUITests.xctest; sourceTree = BUILT_PRODUCTS_DIR; };
		CAAA9F212C54395900089320 /* learnSwiftUIUITests.swift */ = {isa = PBXFileReference; lastKnownFileType = sourcecode.swift; path = learnSwiftUIUITests.swift; sourceTree = "<group>"; };
		CAAA9F232C54395900089320 /* learnSwiftUIUITestsLaunchTests.swift */ = {isa = PBXFileReference; lastKnownFileType = sourcecode.swift; path = learnSwiftUIUITestsLaunchTests.swift; sourceTree = "<group>"; };
/* End PBXFileReference section */

/* Begin PBXFrameworksBuildPhase section */
		CAAA9F002C54395300089320 /* Frameworks */ = {
			isa = PBXFrameworksBuildPhase;
			buildActionMask = 2147483647;
			files = (
			);
			runOnlyForDeploymentPostprocessing = 0;
		};
		CAAA9F102C54395900089320 /* Frameworks */ = {
			isa = PBXFrameworksBuildPhase;
			buildActionMask = 2147483647;
			files = (
			);
			runOnlyForDeploymentPostprocessing = 0;
		};
		CAAA9F1A2C54395900089320 /* Frameworks */ = {
			isa = PBXFrameworksBuildPhase;
			buildActionMask = 2147483647;
			files = (
			);
			runOnlyForDeploymentPostprocessing = 0;
		};
/* End PBXFrameworksBuildPhase section */

/* Begin PBXGroup section */
		CA0ECE462C568F8600D798F5 /* Views */ = {
			isa = PBXGroup;
			children = (
				CA0ECE472C568FA600D798F5 /* DetailView.swift */,
			);
			path = Views;
			sourceTree = "<group>";
		};
		CAAA9EFA2C54395300089320 = {
			isa = PBXGroup;
			children = (
				CAAA9F052C54395300089320 /* learnSwiftUI */,
				CAAA9F162C54395900089320 /* learnSwiftUITests */,
				CAAA9F202C54395900089320 /* learnSwiftUIUITests */,
				CAAA9F042C54395300089320 /* Products */,
			);
			sourceTree = "<group>";
		};
		CAAA9F042C54395300089320 /* Products */ = {
			isa = PBXGroup;
			children = (
				CAAA9F032C54395300089320 /* learnSwiftUI.app */,
				CAAA9F132C54395900089320 /* learnSwiftUITests.xctest */,
				CAAA9F1D2C54395900089320 /* learnSwiftUIUITests.xctest */,
			);
			name = Products;
			sourceTree = "<group>";
		};
		CAAA9F052C54395300089320 /* learnSwiftUI */ = {
			isa = PBXGroup;
			children = (
				CA0ECE462C568F8600D798F5 /* Views */,
				CAAA9F062C54395300089320 /* learnSwiftUIApp.swift */,
				CAAA9F082C54395300089320 /* ContentView.swift */,
				CAAA9F0A2C54395800089320 /* Assets.xcassets */,
				CAAA9F0C2C54395800089320 /* Preview Content */,
			);
			path = learnSwiftUI;
			sourceTree = "<group>";
		};
		CAAA9F0C2C54395800089320 /* Preview Content */ = {
			isa = PBXGroup;
			children = (
				CAAA9F0D2C54395800089320 /* Preview Assets.xcassets */,
			);
			path = "Preview Content";
			sourceTree = "<group>";
		};
		CAAA9F162C54395900089320 /* learnSwiftUITests */ = {
			isa = PBXGroup;
			children = (
				CAAA9F172C54395900089320 /* learnSwiftUITests.swift */,
			);
			path = learnSwiftUITests;
			sourceTree = "<group>";
		};
		CAAA9F202C54395900089320 /* learnSwiftUIUITests */ = {
			isa = PBXGroup;
			children = (
				CAAA9F212C54395900089320 /* learnSwiftUIUITests.swift */,
				CAAA9F232C54395900089320 /* learnSwiftUIUITestsLaunchTests.swift */,
			);
			path = learnSwiftUIUITests;
			sourceTree = "<group>";
		};
/* End PBXGroup section */

/* Begin PBXNativeTarget section */
		CAAA9F022C54395300089320 /* learnSwiftUI */ = {
			isa = PBXNativeTarget;
			buildConfigurationList = CAAA9F272C54395900089320 /* Build configuration list for PBXNativeTarget "learnSwiftUI" */;
			buildPhases = (
				CAAA9EFF2C54395300089320 /* Sources */,
				CAAA9F002C54395300089320 /* Frameworks */,
				CAAA9F012C54395300089320 /* Resources */,
			);
			buildRules = (
			);
			dependencies = (
			);
			name = learnSwiftUI;
			productName = learnSwiftUI;
			productReference = CAAA9F032C54395300089320 /* learnSwiftUI.app */;
			productType = "com.apple.product-type.application";
		};
		CAAA9F122C54395900089320 /* learnSwiftUITests */ = {
			isa = PBXNativeTarget;
			buildConfigurationList = CAAA9F2A2C54395900089320 /* Build configuration list for PBXNativeTarget "learnSwiftUITests" */;
			buildPhases = (
				CAAA9F0F2C54395900089320 /* Sources */,
				CAAA9F102C54395900089320 /* Frameworks */,
				CAAA9F112C54395900089320 /* Resources */,
			);
			buildRules = (
			);
			dependencies = (
				CAAA9F152C54395900089320 /* PBXTargetDependency */,
			);
			name = learnSwiftUITests;
			productName = learnSwiftUITests;
			productReference = CAAA9F132C54395900089320 /* learnSwiftUITests.xctest */;
			productType = "com.apple.product-type.bundle.unit-test";
		};
		CAAA9F1C2C54395900089320 /* learnSwiftUIUITests */ = {
			isa = PBXNativeTarget;
			buildConfigurationList = CAAA9F2D2C54395900089320 /* Build configuration list for PBXNativeTarget "learnSwiftUIUITests" */;
			buildPhases = (
				CAAA9F192C54395900089320 /* Sources */,
				CAAA9F1A2C54395900089320 /* Frameworks */,
				CAAA9F1B2C54395900089320 /* Resources */,
			);
			buildRules = (
			);
			dependencies = (
				CAAA9F1F2C54395900089320 /* PBXTargetDependency */,
			);
			name = learnSwiftUIUITests;
			productName = learnSwiftUIUITests;
			productReference = CAAA9F1D2C54395900089320 /* learnSwiftUIUITests.xctest */;
			productType = "com.apple.product-type.bundle.ui-testing";
		};
/* End PBXNativeTarget section */

/* Begin PBXProject section */
		CAAA9EFB2C54395300089320 /* Project object */ = {
			isa = PBXProject;
			attributes = {
				BuildIndependentTargetsInParallel = 1;
				LastSwiftUpdateCheck = 1520;
				LastUpgradeCheck = 1520;
				TargetAttributes = {
					CAAA9F022C54395300089320 = {
						CreatedOnToolsVersion = 15.2;
					};
					CAAA9F122C54395900089320 = {
						CreatedOnToolsVersion = 15.2;
						TestTargetID = CAAA9F022C54395300089320;
					};
					CAAA9F1C2C54395900089320 = {
						CreatedOnToolsVersion = 15.2;
						TestTargetID = CAAA9F022C54395300089320;
					};
				};
			};
			buildConfigurationList = CAAA9EFE2C54395300089320 /* Build configuration list for PBXProject "learnSwiftUI" */;
			compatibilityVersion = "Xcode 14.0";
			developmentRegion = en;
			hasScannedForEncodings = 0;
			knownRegions = (
				en,
				Base,
			);
			mainGroup = CAAA9EFA2C54395300089320;
			productRefGroup = CAAA9F042C54395300089320 /* Products */;
			projectDirPath = "";
			projectRoot = "";
			targets = (
				CAAA9F022C54395300089320 /* learnSwiftUI */,
				CAAA9F122C54395900089320 /* learnSwiftUITests */,
				CAAA9F1C2C54395900089320 /* learnSwiftUIUITests */,
			);
		};
/* End PBXProject section */

/* Begin PBXResourcesBuildPhase section */
		CAAA9F012C54395300089320 /* Resources */ = {
			isa = PBXResourcesBuildPhase;
			buildActionMask = 2147483647;
			files = (
				CAAA9F0E2C54395800089320 /* Preview Assets.xcassets in Resources */,
				CAAA9F0B2C54395800089320 /* Assets.xcassets in Resources */,
			);
			runOnlyForDeploymentPostprocessing = 0;
		};
		CAAA9F112C54395900089320 /* Resources */ = {
			isa = PBXResourcesBuildPhase;
			buildActionMask = 2147483647;
			files = (
			);
			runOnlyForDeploymentPostprocessing = 0;
		};
		CAAA9F1B2C54395900089320 /* Resources */ = {
			isa = PBXResourcesBuildPhase;
			buildActionMask = 2147483647;
			files = (
			);
			runOnlyForDeploymentPostprocessing = 0;
		};
/* End PBXResourcesBuildPhase section */

/* Begin PBXSourcesBuildPhase section */
		CAAA9EFF2C54395300089320 /* Sources */ = {
			isa = PBXSourcesBuildPhase;
			buildActionMask = 2147483647;
			files = (
				CAAA9F092C54395300089320 /* ContentView.swift in Sources */,
				CA0ECE482C568FA600D798F5 /* DetailView.swift in Sources */,
				CAAA9F072C54395300089320 /* learnSwiftUIApp.swift in Sources */,
			);
			runOnlyForDeploymentPostprocessing = 0;
		};
		CAAA9F0F2C54395900089320 /* Sources */ = {
			isa = PBXSourcesBuildPhase;
			buildActionMask = 2147483647;
			files = (
				CAAA9F182C54395900089320 /* learnSwiftUITests.swift in Sources */,
			);
			runOnlyForDeploymentPostprocessing = 0;
		};
		CAAA9F192C54395900089320 /* Sources */ = {
			isa = PBXSourcesBuildPhase;
			buildActionMask = 2147483647;
			files = (
				CAAA9F222C54395900089320 /* learnSwiftUIUITests.swift in Sources */,
				CAAA9F242C54395900089320 /* learnSwiftUIUITestsLaunchTests.swift in Sources */,
			);
			runOnlyForDeploymentPostprocessing = 0;
		};
/* End PBXSourcesBuildPhase section */

/* Begin PBXTargetDependency section */
		CAAA9F152C54395900089320 /* PBXTargetDependency */ = {
			isa = PBXTargetDependency;
			target = CAAA9F022C54395300089320 /* learnSwiftUI */;
			targetProxy = CAAA9F142C54395900089320 /* PBXContainerItemProxy */;
		};
		CAAA9F1F2C54395900089320 /* PBXTargetDependency */ = {
			isa = PBXTargetDependency;
			target = CAAA9F022C54395300089320 /* learnSwiftUI */;
			targetProxy = CAAA9F1E2C54395900089320 /* PBXContainerItemProxy */;
		};
/* End PBXTargetDependency section */

/* Begin XCBuildConfiguration section */
		CAAA9F252C54395900089320 /* Debug */ = {
			isa = XCBuildConfiguration;
			buildSettings = {
				ALWAYS_SEARCH_USER_PATHS = NO;
				ASSETCATALOG_COMPILER_GENERATE_SWIFT_ASSET_SYMBOL_EXTENSIONS = YES;
				CLANG_ANALYZER_NONNULL = YES;
				CLANG_ANALYZER_NUMBER_OBJECT_CONVERSION = YES_AGGRESSIVE;
				CLANG_CXX_LANGUAGE_STANDARD = "gnu++20";
				CLANG_ENABLE_MODULES = YES;
				CLANG_ENABLE_OBJC_ARC = YES;
				CLANG_ENABLE_OBJC_WEAK = YES;
				CLANG_WARN_BLOCK_CAPTURE_AUTORELEASING = YES;
				CLANG_WARN_BOOL_CONVERSION = YES;
				CLANG_WARN_COMMA = YES;
				CLANG_WARN_CONSTANT_CONVERSION = YES;
				CLANG_WARN_DEPRECATED_OBJC_IMPLEMENTATIONS = YES;
				CLANG_WARN_DIRECT_OBJC_ISA_USAGE = YES_ERROR;
				CLANG_WARN_DOCUMENTATION_COMMENTS = YES;
				CLANG_WARN_EMPTY_BODY = YES;
				CLANG_WARN_ENUM_CONVERSION = YES;
				CLANG_WARN_INFINITE_RECURSION = YES;
				CLANG_WARN_INT_CONVERSION = YES;
				CLANG_WARN_NON_LITERAL_NULL_CONVERSION = YES;
				CLANG_WARN_OBJC_IMPLICIT_RETAIN_SELF = YES;
				CLANG_WARN_OBJC_LITERAL_CONVERSION = YES;
				CLANG_WARN_OBJC_ROOT_CLASS = YES_ERROR;
				CLANG_WARN_QUOTED_INCLUDE_IN_FRAMEWORK_HEADER = YES;
				CLANG_WARN_RANGE_LOOP_ANALYSIS = YES;
				CLANG_WARN_STRICT_PROTOTYPES = YES;
				CLANG_WARN_SUSPICIOUS_MOVE = YES;
				CLANG_WARN_UNGUARDED_AVAILABILITY = YES_AGGRESSIVE;
				CLANG_WARN_UNREACHABLE_CODE = YES;
				CLANG_WARN__DUPLICATE_METHOD_MATCH = YES;
				COPY_PHASE_STRIP = NO;
				DEBUG_INFORMATION_FORMAT = dwarf;
				ENABLE_STRICT_OBJC_MSGSEND = YES;
				ENABLE_TESTABILITY = YES;
				ENABLE_USER_SCRIPT_SANDBOXING = YES;
				GCC_C_LANGUAGE_STANDARD = gnu17;
				GCC_DYNAMIC_NO_PIC = NO;
				GCC_NO_COMMON_BLOCKS = YES;
				GCC_OPTIMIZATION_LEVEL = 0;
				GCC_PREPROCESSOR_DEFINITIONS = (
					"DEBUG=1",
					"$(inherited)",
				);
				GCC_WARN_64_TO_32_BIT_CONVERSION = YES;
				GCC_WARN_ABOUT_RETURN_TYPE = YES_ERROR;
				GCC_WARN_UNDECLARED_SELECTOR = YES;
				GCC_WARN_UNINITIALIZED_AUTOS = YES_AGGRESSIVE;
				GCC_WARN_UNUSED_FUNCTION = YES;
				GCC_WARN_UNUSED_VARIABLE = YES;
				IPHONEOS_DEPLOYMENT_TARGET = 17.2;
				LOCALIZATION_PREFERS_STRING_CATALOGS = YES;
				MTL_ENABLE_DEBUG_INFO = INCLUDE_SOURCE;
				MTL_FAST_MATH = YES;
				ONLY_ACTIVE_ARCH = YES;
				SDKROOT = iphoneos;
				SWIFT_ACTIVE_COMPILATION_CONDITIONS = "DEBUG $(inherited)";
				SWIFT_OPTIMIZATION_LEVEL = "-Onone";
			};
			name = Debug;
		};
		CAAA9F262C54395900089320 /* Release */ = {
			isa = XCBuildConfiguration;
			buildSettings = {
				ALWAYS_SEARCH_USER_PATHS = NO;
				ASSETCATALOG_COMPILER_GENERATE_SWIFT_ASSET_SYMBOL_EXTENSIONS = YES;
				CLANG_ANALYZER_NONNULL = YES;
				CLANG_ANALYZER_NUMBER_OBJECT_CONVERSION = YES_AGGRESSIVE;
				CLANG_CXX_LANGUAGE_STANDARD = "gnu++20";
				CLANG_ENABLE_MODULES = YES;
				CLANG_ENABLE_OBJC_ARC = YES;
				CLANG_ENABLE_OBJC_WEAK = YES;
				CLANG_WARN_BLOCK_CAPTURE_AUTORELEASING = YES;
				CLANG_WARN_BOOL_CONVERSION = YES;
				CLANG_WARN_COMMA = YES;
				CLANG_WARN_CONSTANT_CONVERSION = YES;
				CLANG_WARN_DEPRECATED_OBJC_IMPLEMENTATIONS = YES;
				CLANG_WARN_DIRECT_OBJC_ISA_USAGE = YES_ERROR;
				CLANG_WARN_DOCUMENTATION_COMMENTS = YES;
				CLANG_WARN_EMPTY_BODY = YES;
				CLANG_WARN_ENUM_CONVERSION = YES;
				CLANG_WARN_INFINITE_RECURSION = YES;
				CLANG_WARN_INT_CONVERSION = YES;
				CLANG_WARN_NON_LITERAL_NULL_CONVERSION = YES;
				CLANG_WARN_OBJC_IMPLICIT_RETAIN_SELF = YES;
				CLANG_WARN_OBJC_LITERAL_CONVERSION = YES;
				CLANG_WARN_OBJC_ROOT_CLASS = YES_ERROR;
				CLANG_WARN_QUOTED_INCLUDE_IN_FRAMEWORK_HEADER = YES;
				CLANG_WARN_RANGE_LOOP_ANALYSIS = YES;
				CLANG_WARN_STRICT_PROTOTYPES = YES;
				CLANG_WARN_SUSPICIOUS_MOVE = YES;
				CLANG_WARN_UNGUARDED_AVAILABILITY = YES_AGGRESSIVE;
				CLANG_WARN_UNREACHABLE_CODE = YES;
				CLANG_WARN__DUPLICATE_METHOD_MATCH = YES;
				COPY_PHASE_STRIP = NO;
				DEBUG_INFORMATION_FORMAT = "dwarf-with-dsym";
				ENABLE_NS_ASSERTIONS = NO;
				ENABLE_STRICT_OBJC_MSGSEND = YES;
				ENABLE_USER_SCRIPT_SANDBOXING = YES;
				GCC_C_LANGUAGE_STANDARD = gnu17;
				GCC_NO_COMMON_BLOCKS = YES;
				GCC_WARN_64_TO_32_BIT_CONVERSION = YES;
				GCC_WARN_ABOUT_RETURN_TYPE = YES_ERROR;
				GCC_WARN_UNDECLARED_SELECTOR = YES;
				GCC_WARN_UNINITIALIZED_AUTOS = YES_AGGRESSIVE;
				GCC_WARN_UNUSED_FUNCTION = YES;
				GCC_WARN_UNUSED_VARIABLE = YES;
				IPHONEOS_DEPLOYMENT_TARGET = 17.2;
				LOCALIZATION_PREFERS_STRING_CATALOGS = YES;
				MTL_ENABLE_DEBUG_INFO = NO;
				MTL_FAST_MATH = YES;
				SDKROOT = iphoneos;
				SWIFT_COMPILATION_MODE = wholemodule;
				VALIDATE_PRODUCT = YES;
			};
			name = Release;
		};
		CAAA9F282C54395900089320 /* Debug */ = {
			isa = XCBuildConfiguration;
			buildSettings = {
				ASSETCATALOG_COMPILER_APPICON_NAME = AppIcon;
				ASSETCATALOG_COMPILER_GLOBAL_ACCENT_COLOR_NAME = AccentColor;
				CODE_SIGN_STYLE = Automatic;
				CURRENT_PROJECT_VERSION = 1;
				DEVELOPMENT_ASSET_PATHS = "\"learnSwiftUI/Preview Content\"";
				DEVELOPMENT_TEAM = DDX45LBBX3;
				ENABLE_PREVIEWS = YES;
				GENERATE_INFOPLIST_FILE = YES;
				INFOPLIST_KEY_UIApplicationSceneManifest_Generation = YES;
				INFOPLIST_KEY_UIApplicationSupportsIndirectInputEvents = YES;
				INFOPLIST_KEY_UILaunchScreen_Generation = YES;
				INFOPLIST_KEY_UISupportedInterfaceOrientations_iPad = "UIInterfaceOrientationPortrait UIInterfaceOrientationPortraitUpsideDown UIInterfaceOrientationLandscapeLeft UIInterfaceOrientationLandscapeRight";
				INFOPLIST_KEY_UISupportedInterfaceOrientations_iPhone = "UIInterfaceOrientationPortrait UIInterfaceOrientationLandscapeLeft UIInterfaceOrientationLandscapeRight";
				LD_RUNPATH_SEARCH_PATHS = (
					"$(inherited)",
					"@executable_path/Frameworks",
				);
				MARKETING_VERSION = 1.0;
				PRODUCT_BUNDLE_IDENTIFIER = com.learnswiftui.learnSwiftUI;
				PRODUCT_NAME = "$(TARGET_NAME)";
				SWIFT_EMIT_LOC_STRINGS = YES;
				SWIFT_VERSION = 5.0;
				TARGETED_DEVICE_FAMILY = "1,2";
			};
			name = Debug;
		};
		CAAA9F292C54395900089320 /* Release */ = {
			isa = XCBuildConfiguration;
			buildSettings = {
				ASSETCATALOG_COMPILER_APPICON_NAME = AppIcon;
				ASSETCATALOG_COMPILER_GLOBAL_ACCENT_COLOR_NAME = AccentColor;
				CODE_SIGN_STYLE = Automatic;
				CURRENT_PROJECT_VERSION = 1;
				DEVELOPMENT_ASSET_PATHS = "\"learnSwiftUI/Preview Content\"";
				DEVELOPMENT_TEAM = DDX45LBBX3;
				ENABLE_PREVIEWS = YES;
				GENERATE_INFOPLIST_FILE = YES;
				INFOPLIST_KEY_UIApplicationSceneManifest_Generation = YES;
				INFOPLIST_KEY_UIApplicationSupportsIndirectInputEvents = YES;
				INFOPLIST_KEY_UILaunchScreen_Generation = YES;
				INFOPLIST_KEY_UISupportedInterfaceOrientations_iPad = "UIInterfaceOrientationPortrait UIInterfaceOrientationPortraitUpsideDown UIInterfaceOrientationLandscapeLeft UIInterfaceOrientationLandscapeRight";
				INFOPLIST_KEY_UISupportedInterfaceOrientations_iPhone = "UIInterfaceOrientationPortrait UIInterfaceOrientationLandscapeLeft UIInterfaceOrientationLandscapeRight";
				LD_RUNPATH_SEARCH_PATHS = (
					"$(inherited)",
					"@executable_path/Frameworks",
				);
				MARKETING_VERSION = 1.0;
				PRODUCT_BUNDLE_IDENTIFIER = com.learnswiftui.learnSwiftUI;
				PRODUCT_NAME = "$(TARGET_NAME)";
				SWIFT_EMIT_LOC_STRINGS = YES;
				SWIFT_VERSION = 5.0;
				TARGETED_DEVICE_FAMILY = "1,2";
			};
			name = Release;
		};
		CAAA9F2B2C54395900089320 /* Debug */ = {
			isa = XCBuildConfiguration;
			buildSettings = {
				ALWAYS_EMBED_SWIFT_STANDARD_LIBRARIES = YES;
				BUNDLE_LOADER = "$(TEST_HOST)";
				CODE_SIGN_STYLE = Automatic;
				CURRENT_PROJECT_VERSION = 1;
				DEVELOPMENT_TEAM = DDX45LBBX3;
				GENERATE_INFOPLIST_FILE = YES;
				IPHONEOS_DEPLOYMENT_TARGET = 17.2;
				MARKETING_VERSION = 1.0;
				PRODUCT_BUNDLE_IDENTIFIER = com.learnswiftui.learnSwiftUITests;
				PRODUCT_NAME = "$(TARGET_NAME)";
				SWIFT_EMIT_LOC_STRINGS = NO;
				SWIFT_VERSION = 5.0;
				TARGETED_DEVICE_FAMILY = "1,2";
				TEST_HOST = "$(BUILT_PRODUCTS_DIR)/learnSwiftUI.app/$(BUNDLE_EXECUTABLE_FOLDER_PATH)/learnSwiftUI";
			};
			name = Debug;
		};
		CAAA9F2C2C54395900089320 /* Release */ = {
			isa = XCBuildConfiguration;
			buildSettings = {
				ALWAYS_EMBED_SWIFT_STANDARD_LIBRARIES = YES;
				BUNDLE_LOADER = "$(TEST_HOST)";
				CODE_SIGN_STYLE = Automatic;
				CURRENT_PROJECT_VERSION = 1;
				DEVELOPMENT_TEAM = DDX45LBBX3;
				GENERATE_INFOPLIST_FILE = YES;
				IPHONEOS_DEPLOYMENT_TARGET = 17.2;
				MARKETING_VERSION = 1.0;
				PRODUCT_BUNDLE_IDENTIFIER = com.learnswiftui.learnSwiftUITests;
				PRODUCT_NAME = "$(TARGET_NAME)";
				SWIFT_EMIT_LOC_STRINGS = NO;
				SWIFT_VERSION = 5.0;
				TARGETED_DEVICE_FAMILY = "1,2";
				TEST_HOST = "$(BUILT_PRODUCTS_DIR)/learnSwiftUI.app/$(BUNDLE_EXECUTABLE_FOLDER_PATH)/learnSwiftUI";
			};
			name = Release;
		};
		CAAA9F2E2C54395900089320 /* Debug */ = {
			isa = XCBuildConfiguration;
			buildSettings = {
				ALWAYS_EMBED_SWIFT_STANDARD_LIBRARIES = YES;
				CODE_SIGN_STYLE = Automatic;
				CURRENT_PROJECT_VERSION = 1;
				DEVELOPMENT_TEAM = DDX45LBBX3;
				GENERATE_INFOPLIST_FILE = YES;
				MARKETING_VERSION = 1.0;
				PRODUCT_BUNDLE_IDENTIFIER = com.learnswiftui.learnSwiftUIUITests;
				PRODUCT_NAME = "$(TARGET_NAME)";
				SWIFT_EMIT_LOC_STRINGS = NO;
				SWIFT_VERSION = 5.0;
				TARGETED_DEVICE_FAMILY = "1,2";
				TEST_TARGET_NAME = learnSwiftUI;
			};
			name = Debug;
		};
		CAAA9F2F2C54395900089320 /* Release */ = {
			isa = XCBuildConfiguration;
			buildSettings = {
				ALWAYS_EMBED_SWIFT_STANDARD_LIBRARIES = YES;
				CODE_SIGN_STYLE = Automatic;
				CURRENT_PROJECT_VERSION = 1;
				DEVELOPMENT_TEAM = DDX45LBBX3;
				GENERATE_INFOPLIST_FILE = YES;
				MARKETING_VERSION = 1.0;
				PRODUCT_BUNDLE_IDENTIFIER = com.learnswiftui.learnSwiftUIUITests;
				PRODUCT_NAME = "$(TARGET_NAME)";
				SWIFT_EMIT_LOC_STRINGS = NO;
				SWIFT_VERSION = 5.0;
				TARGETED_DEVICE_FAMILY = "1,2";
				TEST_TARGET_NAME = learnSwiftUI;
			};
			name = Release;
		};
/* End XCBuildConfiguration section */

/* Begin XCConfigurationList section */
		CAAA9EFE2C54395300089320 /* Build configuration list for PBXProject "learnSwiftUI" */ = {
			isa = XCConfigurationList;
			buildConfigurations = (
				CAAA9F252C54395900089320 /* Debug */,
				CAAA9F262C54395900089320 /* Release */,
			);
			defaultConfigurationIsVisible = 0;
			defaultConfigurationName = Release;
		};
		CAAA9F272C54395900089320 /* Build configuration list for PBXNativeTarget "learnSwiftUI" */ = {
			isa = XCConfigurationList;
			buildConfigurations = (
				CAAA9F282C54395900089320 /* Debug */,
				CAAA9F292C54395900089320 /* Release */,
			);
			defaultConfigurationIsVisible = 0;
			defaultConfigurationName = Release;
		};
		CAAA9F2A2C54395900089320 /* Build configuration list for PBXNativeTarget "learnSwiftUITests" */ = {
			isa = XCConfigurationList;
			buildConfigurations = (
				CAAA9F2B2C54395900089320 /* Debug */,
				CAAA9F2C2C54395900089320 /* Release */,
			);
			defaultConfigurationIsVisible = 0;
			defaultConfigurationName = Release;
		};
		CAAA9F2D2C54395900089320 /* Build configuration list for PBXNativeTarget "learnSwiftUIUITests" */ = {
			isa = XCConfigurationList;
			buildConfigurations = (
				CAAA9F2E2C54395900089320 /* Debug */,
				CAAA9F2F2C54395900089320 /* Release */,
			);
			defaultConfigurationIsVisible = 0;
			defaultConfigurationName = Release;
		};
/* End XCConfigurationList section */
	};
	rootObject = CAAA9EFB2C54395300089320 /* Project object */;
}
